PODS:
  - apphud_plus (0.0.1):
    - ApphudSDK
    - Flutter
    - SwiftKeychainWrapper
  - ApphudSDK (2.8.3)
  - Flutter (1.0.0)
  - SwiftKeychainWrapper (4.0.1)

DEPENDENCIES:
  - apphud_plus (from `.symlinks/plugins/apphud_plus/ios`)
  - Flutter (from `Flutter`)

SPEC REPOS:
  trunk:
    - ApphudSDK
    - SwiftKeychainWrapper

EXTERNAL SOURCES:
  apphud_plus:
    :path: ".symlinks/plugins/apphud_plus/ios"
  Flutter:
    :path: Flutter

SPEC CHECKSUMS:
  apphud_plus: 399b20c113d12b1763af0851d393a0672ccbcacb
  ApphudSDK: a9d093a57d9fe5c7714380caad7bce5f9243f8a1
  Flutter: 50d75fe2f02b26cc09d224853bb45737f8b3214a
  SwiftKeychainWrapper: 807ba1d63c33a7d0613288512399cd1eda1e470c

PODFILE CHECKSUM: 4e8f8b2be68aeea4c0d5beb6ff1e79fface1d048

COCOAPODS: 1.11.3
