PODS:
  - apphud_plus (0.0.1):
    - ApphudSDK (~> 2.8)
    - Flutter
    - SwiftKeychainWrapper
  - ApphudSDK (2.8.8)
  - Flutter (1.0.0)
  - SwiftKeychainWrapper (4.0.1)

DEPENDENCIES:
  - apphud_plus (from `.symlinks/plugins/apphud_plus/ios`)
  - Flutter (from `Flutter`)

SPEC REPOS:
  trunk:
    - ApphudSDK
    - SwiftKeychainWrapper

EXTERNAL SOURCES:
  apphud_plus:
    :path: ".symlinks/plugins/apphud_plus/ios"
  Flutter:
    :path: Flutter

SPEC CHECKSUMS:
  apphud_plus: d6f5bc247cbea40eaadf56cd2d57575072a5d286
  ApphudSDK: ef62166ff111404f1fa01a4cd4552d266b778565
  Flutter: f04841e97a9d0b0a8025694d0796dd46242b2854
  SwiftKeychainWrapper: 807ba1d63c33a7d0613288512399cd1eda1e470c

PODFILE CHECKSUM: 4e8f8b2be68aeea4c0d5beb6ff1e79fface1d048

COCOAPODS: 1.11.3
